
Microsoft Visual Studio Solution File, Format Version 12.00
# Visual Studio Version 17
VisualStudioVersion = 17.8.34511.84
MinimumVisualStudioVersion = 10.0.40219.1
Project("{FAE04EC0-301F-11D3-BF4B-00C04F79EFBC}") = "Ap01", "Ap01\Ap01.csproj", "{ACD5200F-413D-4919-9DF5-BAD970BE1ADE}"
EndProject
Project("{FAE04EC0-301F-11D3-BF4B-00C04F79EFBC}") = "Ap02", "Ap02\Ap02.csproj", "{252FA523-94FF-4D90-A37C-E388FEEC53B6}"
EndProject
Project("{FAE04EC0-301F-11D3-BF4B-00C04F79EFBC}") = "Ap03", "Ap03\Ap03.csproj", "{7B1B6E56-EDBB-4F04-A766-4E818E606647}"
EndProject
Project("{FAE04EC0-301F-11D3-BF4B-00C04F79EFBC}") = "Ap04", "Ap04\Ap04.csproj", "{8BDB9DD2-6991-4B1B-BDAE-C24583E42298}"
EndProject
Project("{FAE04EC0-301F-11D3-BF4B-00C04F79EFBC}") = "Ap05", "Ap05\Ap05.csproj", "{A5FD16E7-4945-414B-97C7-274F369E4908}"
EndProject
Project("{FAE04EC0-301F-11D3-BF4B-00C04F79EFBC}") = "Ap06", "Ap06\Ap06.csproj", "{B92DA3AF-500A-493E-9E0C-61CDA5D3BDC2}"
EndProject
Global
	GlobalSection(SolutionConfigurationPlatforms) = preSolution
		Debug|Any CPU = Debug|Any CPU
		Release|Any CPU = Release|Any CPU
	EndGlobalSection
	GlobalSection(ProjectConfigurationPlatforms) = postSolution
		{ACD5200F-413D-4919-9DF5-BAD970BE1ADE}.Debug|Any CPU.ActiveCfg = Debug|Any CPU
		{ACD5200F-413D-4919-9DF5-BAD970BE1ADE}.Debug|Any CPU.Build.0 = Debug|Any CPU
		{ACD5200F-413D-4919-9DF5-BAD970BE1ADE}.Release|Any CPU.ActiveCfg = Release|Any CPU
		{ACD5200F-413D-4919-9DF5-BAD970BE1ADE}.Release|Any CPU.Build.0 = Release|Any CPU
		{252FA523-94FF-4D90-A37C-E388FEEC53B6}.Debug|Any CPU.ActiveCfg = Debug|Any CPU
		{252FA523-94FF-4D90-A37C-E388FEEC53B6}.Debug|Any CPU.Build.0 = Debug|Any CPU
		{252FA523-94FF-4D90-A37C-E388FEEC53B6}.Release|Any CPU.ActiveCfg = Release|Any CPU
		{252FA523-94FF-4D90-A37C-E388FEEC53B6}.Release|Any CPU.Build.0 = Release|Any CPU
		{7B1B6E56-EDBB-4F04-A766-4E818E606647}.Debug|Any CPU.ActiveCfg = Debug|Any CPU
		{7B1B6E56-EDBB-4F04-A766-4E818E606647}.Debug|Any CPU.Build.0 = Debug|Any CPU
		{7B1B6E56-EDBB-4F04-A766-4E818E606647}.Release|Any CPU.ActiveCfg = Release|Any CPU
		{7B1B6E56-EDBB-4F04-A766-4E818E606647}.Release|Any CPU.Build.0 = Release|Any CPU
		{8BDB9DD2-6991-4B1B-BDAE-C24583E42298}.Debug|Any CPU.ActiveCfg = Debug|Any CPU
		{8BDB9DD2-6991-4B1B-BDAE-C24583E42298}.Debug|Any CPU.Build.0 = Debug|Any CPU
		{8BDB9DD2-6991-4B1B-BDAE-C24583E42298}.Release|Any CPU.ActiveCfg = Release|Any CPU
		{8BDB9DD2-6991-4B1B-BDAE-C24583E42298}.Release|Any CPU.Build.0 = Release|Any CPU
		{A5FD16E7-4945-414B-97C7-274F369E4908}.Debug|Any CPU.ActiveCfg = Debug|Any CPU
		{A5FD16E7-4945-414B-97C7-274F369E4908}.Debug|Any CPU.Build.0 = Debug|Any CPU
		{A5FD16E7-4945-414B-97C7-274F369E4908}.Release|Any CPU.ActiveCfg = Release|Any CPU
		{A5FD16E7-4945-414B-97C7-274F369E4908}.Release|Any CPU.Build.0 = Release|Any CPU
		{B92DA3AF-500A-493E-9E0C-61CDA5D3BDC2}.Debug|Any CPU.ActiveCfg = Debug|Any CPU
		{B92DA3AF-500A-493E-9E0C-61CDA5D3BDC2}.Debug|Any CPU.Build.0 = Debug|Any CPU
		{B92DA3AF-500A-493E-9E0C-61CDA5D3BDC2}.Release|Any CPU.ActiveCfg = Release|Any CPU
		{B92DA3AF-500A-493E-9E0C-61CDA5D3BDC2}.Release|Any CPU.Build.0 = Release|Any CPU
	EndGlobalSection
	GlobalSection(SolutionProperties) = preSolution
		HideSolutionNode = FALSE
	EndGlobalSection
	GlobalSection(ExtensibilityGlobals) = postSolution
		SolutionGuid = {3E5A95D8-CA82-4136-91C9-EFC0C456EB4D}
	EndGlobalSection
EndGlobal
